
Microsoft Visual Studio Solution File, Format Version 12.00
# Visual Studio Version 17
VisualStudioVersion = 17.8.34511.84
MinimumVisualStudioVersion = 10.0.40219.1
Project("{8BC9CEB8-8B4A-11D0-8D11-00A0C91BC942}") = "BinpackToBullet", "BinpackToBullet\BinpackToBullet.vcxproj", "{86CB7AC5-5931-408B-8717-93DBB14AEB73}"
EndProject
Global
	GlobalSection(SolutionConfigurationPlatforms) = preSolution
		Debug|x64 = Debug|x64
		Debug|x86 = Debug|x86
		Release|x64 = Release|x64
		Release|x86 = Release|x86
	EndGlobalSection
	GlobalSection(ProjectConfigurationPlatforms) = postSolution
		{86CB7AC5-5931-408B-8717-93DBB14AEB73}.Debug|x64.ActiveCfg = Debug|x64
		{86CB7AC5-5931-408B-8717-93DBB14AEB73}.Debug|x64.Build.0 = Debug|x64
		{86CB7AC5-5931-408B-8717-93DBB14AEB73}.Debug|x86.ActiveCfg = Debug|Win32
		{86CB7AC5-5931-408B-8717-93DBB14AEB73}.Debug|x86.Build.0 = Debug|Win32
		{86CB7AC5-5931-408B-8717-93DBB14AEB73}.Release|x64.ActiveCfg = Release|x64
		{86CB7AC5-5931-408B-8717-93DBB14AEB73}.Release|x64.Build.0 = Release|x64
		{86CB7AC5-5931-408B-8717-93DBB14AEB73}.Release|x86.ActiveCfg = Release|Win32
		{86CB7AC5-5931-408B-8717-93DBB14AEB73}.Release|x86.Build.0 = Release|Win32
	EndGlobalSection
	GlobalSection(SolutionProperties) = preSolution
		HideSolutionNode = FALSE
	EndGlobalSection
	GlobalSection(ExtensibilityGlobals) = postSolution
		SolutionGuid = {07B84ED6-646C-4009-80E9-0CDB4CDB92A1}
	EndGlobalSection
EndGlobal
